
Microsoft Visual Studio Solution File, Format Version 12.00
# Visual Studio Version 16
VisualStudioVersion = 16.0.30011.22
MinimumVisualStudioVersion = 10.0.40219.1
Project("{FAE04EC0-301F-11D3-BF4B-00C04F79EFBC}") = "Interpreter", "Interpreter\Interpreter.csproj", "{9238EB7F-F7F8-4C0D-92DB-ED47EB1323C8}"
EndProject
Project("{FAE04EC0-301F-11D3-BF4B-00C04F79EFBC}") = "InterpreterTest", "InterpreterTest\InterpreterTest.csproj", "{C6D0101D-DF39-4AB2-B0C0-EC2D52BBA3B7}"
EndProject
Global
	GlobalSection(SolutionConfigurationPlatforms) = preSolution
		Debug|Any CPU = Debug|Any CPU
		Release|Any CPU = Release|Any CPU
	EndGlobalSection
	GlobalSection(ProjectConfigurationPlatforms) = postSolution
		{9238EB7F-F7F8-4C0D-92DB-ED47EB1323C8}.Debug|Any CPU.ActiveCfg = Debug|Any CPU
		{9238EB7F-F7F8-4C0D-92DB-ED47EB1323C8}.Debug|Any CPU.Build.0 = Debug|Any CPU
		{9238EB7F-F7F8-4C0D-92DB-ED47EB1323C8}.Release|Any CPU.ActiveCfg = Release|Any CPU
		{9238EB7F-F7F8-4C0D-92DB-ED47EB1323C8}.Release|Any CPU.Build.0 = Release|Any CPU
		{C6D0101D-DF39-4AB2-B0C0-EC2D52BBA3B7}.Debug|Any CPU.ActiveCfg = Debug|Any CPU
		{C6D0101D-DF39-4AB2-B0C0-EC2D52BBA3B7}.Debug|Any CPU.Build.0 = Debug|Any CPU
		{C6D0101D-DF39-4AB2-B0C0-EC2D52BBA3B7}.Release|Any CPU.ActiveCfg = Release|Any CPU
		{C6D0101D-DF39-4AB2-B0C0-EC2D52BBA3B7}.Release|Any CPU.Build.0 = Release|Any CPU
	EndGlobalSection
	GlobalSection(SolutionProperties) = preSolution
		HideSolutionNode = FALSE
	EndGlobalSection
	GlobalSection(ExtensibilityGlobals) = postSolution
		SolutionGuid = {63CD0C2D-FD73-4667-8A6C-70CD5F27FE29}
	EndGlobalSection
EndGlobal
